
Microsoft Visual Studio Solution File, Format Version 12.00
Project("{FAE04EC0-301F-11D3-BF4B-00C04F79EFBC}") = "Lambda", "Lambda\Lambda.csproj", "{6461B7C7-BA8F-4C17-84E0-6C48B333AE45}"
EndProject
Global
	GlobalSection(SolutionConfigurationPlatforms) = preSolution
		Debug|Any CPU = Debug|Any CPU
		Release|Any CPU = Release|Any CPU
	EndGlobalSection
	GlobalSection(ProjectConfigurationPlatforms) = postSolution
		{6461B7C7-BA8F-4C17-84E0-6C48B333AE45}.Debug|Any CPU.ActiveCfg = Debug|Any CPU
		{6461B7C7-BA8F-4C17-84E0-6C48B333AE45}.Debug|Any CPU.Build.0 = Debug|Any CPU
		{6461B7C7-BA8F-4C17-84E0-6C48B333AE45}.Release|Any CPU.ActiveCfg = Release|Any CPU
		{6461B7C7-BA8F-4C17-84E0-6C48B333AE45}.Release|Any CPU.Build.0 = Release|Any CPU
	EndGlobalSection
EndGlobal
